{
  "name": "cloud777",
  "version": "1.0.0",
  "lockfileVersion": 1,
  "requires": true,
  "dependencies": {
    "@massds/mayflower-assets": {
      "version": "11.12.0",
      "resolved": "https://registry.npmjs.org/@massds/mayflower-assets/-/mayflower-assets-11.12.0.tgz",
      "integrity": "sha512-RPvJ/zkRJMrqHXNs16Bd/f9VYdoYMAKL63y+x09+o/YML4jbVmIhruvfR+mByGfsLH0FAWAMmedp08U5tvwicw=="
    },
    "modern-normalize": {
      "version": "1.1.0",
      "resolved": "https://registry.npmjs.org/modern-normalize/-/modern-normalize-1.1.0.tgz",
      "integrity": "sha512-2lMlY1Yc1+CUy0gw4H95uNN7vjbpoED7NNRSBHE25nWfLBdmMzFCsPshlzbxHz+gYMcBEUN8V4pU16prcdPSgA=="
    },
    "normalize-scss": {
      "version": "7.0.1",
      "resolved": "https://registry.npmjs.org/normalize-scss/-/normalize-scss-7.0.1.tgz",
      "integrity": "sha512-qj16bWnYs+9/ac29IgGjySg4R5qQTp1lXfm7ApFOZNVBYFY8RZ3f8+XQNDDLHeDtI3Ba7Jj4+LuPgz9v/fne2A=="
    }
  }
}
